
Microsoft Visual Studio Solution File, Format Version 12.00
# Visual Studio Version 16
VisualStudioVersion = 16.0.30804.86
MinimumVisualStudioVersion = 10.0.40219.1
Project("{9A19103F-16F7-4668-BE54-9A1E7A4F7556}") = "ProductivityApp.Model", "ProductivityApp.Model\ProductivityApp.Model.csproj", "{519DF0E7-6BAD-490F-8AAE-19AA254B6B7D}"
EndProject
Project("{9A19103F-16F7-4668-BE54-9A1E7A4F7556}") = "ProductivityApp.DataAccess", "ProductivityApp.DataContext\ProductivityApp.DataAccess.csproj", "{128124F4-29D4-4E78-B45E-E3A249A9977A}"
EndProject
Project("{9A19103F-16F7-4668-BE54-9A1E7A4F7556}") = "ProductivityApp.ConsoleApp", "ProductivityApp.ConsoleApp\ProductivityApp.ConsoleApp.csproj", "{A79813B4-7337-48DE-8A73-8A1DC7D36A18}"
EndProject
Project("{9A19103F-16F7-4668-BE54-9A1E7A4F7556}") = "ProductivityApp.Api", "ProductivityApp.Api\ProductivityApp.Api.csproj", "{C3336DA6-5F51-4E43-B33A-62E4EFA03E08}"
EndProject
Project("{FAE04EC0-301F-11D3-BF4B-00C04F79EFBC}") = "ProductivityApp.App", "ProductivityApp.App\ProductivityApp.App.csproj", "{89148D09-4855-4109-8A1B-44F90038E784}"
EndProject
Project("{9A19103F-16F7-4668-BE54-9A1E7A4F7556}") = "ProductivityApp.App.Core", "ProductivityApp.App.Core\ProductivityApp.App.Core.csproj", "{3AC3532C-009B-4CBA-B97C-3126BC53EC1F}"
EndProject
Global
	GlobalSection(SolutionConfigurationPlatforms) = preSolution
		Debug|Any CPU = Debug|Any CPU
		Debug|ARM = Debug|ARM
		Debug|ARM64 = Debug|ARM64
		Debug|x64 = Debug|x64
		Debug|x86 = Debug|x86
		Release|Any CPU = Release|Any CPU
		Release|ARM = Release|ARM
		Release|ARM64 = Release|ARM64
		Release|x64 = Release|x64
		Release|x86 = Release|x86
	EndGlobalSection
	GlobalSection(ProjectConfigurationPlatforms) = postSolution
		{519DF0E7-6BAD-490F-8AAE-19AA254B6B7D}.Debug|Any CPU.ActiveCfg = Debug|Any CPU
		{519DF0E7-6BAD-490F-8AAE-19AA254B6B7D}.Debug|Any CPU.Build.0 = Debug|Any CPU
		{519DF0E7-6BAD-490F-8AAE-19AA254B6B7D}.Debug|ARM.ActiveCfg = Debug|Any CPU
		{519DF0E7-6BAD-490F-8AAE-19AA254B6B7D}.Debug|ARM.Build.0 = Debug|Any CPU
		{519DF0E7-6BAD-490F-8AAE-19AA254B6B7D}.Debug|ARM64.ActiveCfg = Debug|Any CPU
		{519DF0E7-6BAD-490F-8AAE-19AA254B6B7D}.Debug|ARM64.Build.0 = Debug|Any CPU
		{519DF0E7-6BAD-490F-8AAE-19AA254B6B7D}.Debug|x64.ActiveCfg = Debug|Any CPU
		{519DF0E7-6BAD-490F-8AAE-19AA254B6B7D}.Debug|x64.Build.0 = Debug|Any CPU
		{519DF0E7-6BAD-490F-8AAE-19AA254B6B7D}.Debug|x86.ActiveCfg = Debug|Any CPU
		{519DF0E7-6BAD-490F-8AAE-19AA254B6B7D}.Debug|x86.Build.0 = Debug|Any CPU
		{519DF0E7-6BAD-490F-8AAE-19AA254B6B7D}.Release|Any CPU.ActiveCfg = Release|Any CPU
		{519DF0E7-6BAD-490F-8AAE-19AA254B6B7D}.Release|Any CPU.Build.0 = Release|Any CPU
		{519DF0E7-6BAD-490F-8AAE-19AA254B6B7D}.Release|ARM.ActiveCfg = Release|Any CPU
		{519DF0E7-6BAD-490F-8AAE-19AA254B6B7D}.Release|ARM.Build.0 = Release|Any CPU
		{519DF0E7-6BAD-490F-8AAE-19AA254B6B7D}.Release|ARM64.ActiveCfg = Release|Any CPU
		{519DF0E7-6BAD-490F-8AAE-19AA254B6B7D}.Release|ARM64.Build.0 = Release|Any CPU
		{519DF0E7-6BAD-490F-8AAE-19AA254B6B7D}.Release|x64.ActiveCfg = Release|Any CPU
		{519DF0E7-6BAD-490F-8AAE-19AA254B6B7D}.Release|x64.Build.0 = Release|Any CPU
		{519DF0E7-6BAD-490F-8AAE-19AA254B6B7D}.Release|x86.ActiveCfg = Release|Any CPU
		{519DF0E7-6BAD-490F-8AAE-19AA254B6B7D}.Release|x86.Build.0 = Release|Any CPU
		{128124F4-29D4-4E78-B45E-E3A249A9977A}.Debug|Any CPU.ActiveCfg = Debug|Any CPU
		{128124F4-29D4-4E78-B45E-E3A249A9977A}.Debug|Any CPU.Build.0 = Debug|Any CPU
		{128124F4-29D4-4E78-B45E-E3A249A9977A}.Debug|ARM.ActiveCfg = Debug|Any CPU
		{128124F4-29D4-4E78-B45E-E3A249A9977A}.Debug|ARM.Build.0 = Debug|Any CPU
		{128124F4-29D4-4E78-B45E-E3A249A9977A}.Debug|ARM64.ActiveCfg = Debug|Any CPU
		{128124F4-29D4-4E78-B45E-E3A249A9977A}.Debug|ARM64.Build.0 = Debug|Any CPU
		{128124F4-29D4-4E78-B45E-E3A249A9977A}.Debug|x64.ActiveCfg = Debug|Any CPU
		{128124F4-29D4-4E78-B45E-E3A249A9977A}.Debug|x64.Build.0 = Debug|Any CPU
		{128124F4-29D4-4E78-B45E-E3A249A9977A}.Debug|x86.ActiveCfg = Debug|Any CPU
		{128124F4-29D4-4E78-B45E-E3A249A9977A}.Debug|x86.Build.0 = Debug|Any CPU
		{128124F4-29D4-4E78-B45E-E3A249A9977A}.Release|Any CPU.ActiveCfg = Release|Any CPU
		{128124F4-29D4-4E78-B45E-E3A249A9977A}.Release|Any CPU.Build.0 = Release|Any CPU
		{128124F4-29D4-4E78-B45E-E3A249A9977A}.Release|ARM.ActiveCfg = Release|Any CPU
		{128124F4-29D4-4E78-B45E-E3A249A9977A}.Release|ARM.Build.0 = Release|Any CPU
		{128124F4-29D4-4E78-B45E-E3A249A9977A}.Release|ARM64.ActiveCfg = Release|Any CPU
		{128124F4-29D4-4E78-B45E-E3A249A9977A}.Release|ARM64.Build.0 = Release|Any CPU
		{128124F4-29D4-4E78-B45E-E3A249A9977A}.Release|x64.ActiveCfg = Release|Any CPU
		{128124F4-29D4-4E78-B45E-E3A249A9977A}.Release|x64.Build.0 = Release|Any CPU
		{128124F4-29D4-4E78-B45E-E3A249A9977A}.Release|x86.ActiveCfg = Release|Any CPU
		{128124F4-29D4-4E78-B45E-E3A249A9977A}.Release|x86.Build.0 = Release|Any CPU
		{A79813B4-7337-48DE-8A73-8A1DC7D36A18}.Debug|Any CPU.ActiveCfg = Debug|Any CPU
		{A79813B4-7337-48DE-8A73-8A1DC7D36A18}.Debug|Any CPU.Build.0 = Debug|Any CPU
		{A79813B4-7337-48DE-8A73-8A1DC7D36A18}.Debug|ARM.ActiveCfg = Debug|Any CPU
		{A79813B4-7337-48DE-8A73-8A1DC7D36A18}.Debug|ARM.Build.0 = Debug|Any CPU
		{A79813B4-7337-48DE-8A73-8A1DC7D36A18}.Debug|ARM64.ActiveCfg = Debug|Any CPU
		{A79813B4-7337-48DE-8A73-8A1DC7D36A18}.Debug|ARM64.Build.0 = Debug|Any CPU
		{A79813B4-7337-48DE-8A73-8A1DC7D36A18}.Debug|x64.ActiveCfg = Debug|Any CPU
		{A79813B4-7337-48DE-8A73-8A1DC7D36A18}.Debug|x64.Build.0 = Debug|Any CPU
		{A79813B4-7337-48DE-8A73-8A1DC7D36A18}.Debug|x86.ActiveCfg = Debug|Any CPU
		{A79813B4-7337-48DE-8A73-8A1DC7D36A18}.Debug|x86.Build.0 = Debug|Any CPU
		{A79813B4-7337-48DE-8A73-8A1DC7D36A18}.Release|Any CPU.ActiveCfg = Release|Any CPU
		{A79813B4-7337-48DE-8A73-8A1DC7D36A18}.Release|Any CPU.Build.0 = Release|Any CPU
		{A79813B4-7337-48DE-8A73-8A1DC7D36A18}.Release|ARM.ActiveCfg = Release|Any CPU
		{A79813B4-7337-48DE-8A73-8A1DC7D36A18}.Release|ARM.Build.0 = Release|Any CPU
		{A79813B4-7337-48DE-8A73-8A1DC7D36A18}.Release|ARM64.ActiveCfg = Release|Any CPU
		{A79813B4-7337-48DE-8A73-8A1DC7D36A18}.Release|ARM64.Build.0 = Release|Any CPU
		{A79813B4-7337-48DE-8A73-8A1DC7D36A18}.Release|x64.ActiveCfg = Release|Any CPU
		{A79813B4-7337-48DE-8A73-8A1DC7D36A18}.Release|x64.Build.0 = Release|Any CPU
		{A79813B4-7337-48DE-8A73-8A1DC7D36A18}.Release|x86.ActiveCfg = Release|Any CPU
		{A79813B4-7337-48DE-8A73-8A1DC7D36A18}.Release|x86.Build.0 = Release|Any CPU
		{C3336DA6-5F51-4E43-B33A-62E4EFA03E08}.Debug|Any CPU.ActiveCfg = Debug|Any CPU
		{C3336DA6-5F51-4E43-B33A-62E4EFA03E08}.Debug|Any CPU.Build.0 = Debug|Any CPU
		{C3336DA6-5F51-4E43-B33A-62E4EFA03E08}.Debug|ARM.ActiveCfg = Debug|Any CPU
		{C3336DA6-5F51-4E43-B33A-62E4EFA03E08}.Debug|ARM.Build.0 = Debug|Any CPU
		{C3336DA6-5F51-4E43-B33A-62E4EFA03E08}.Debug|ARM64.ActiveCfg = Debug|Any CPU
		{C3336DA6-5F51-4E43-B33A-62E4EFA03E08}.Debug|ARM64.Build.0 = Debug|Any CPU
		{C3336DA6-5F51-4E43-B33A-62E4EFA03E08}.Debug|x64.ActiveCfg = Debug|Any CPU
		{C3336DA6-5F51-4E43-B33A-62E4EFA03E08}.Debug|x64.Build.0 = Debug|Any CPU
		{C3336DA6-5F51-4E43-B33A-62E4EFA03E08}.Debug|x86.ActiveCfg = Debug|Any CPU
		{C3336DA6-5F51-4E43-B33A-62E4EFA03E08}.Debug|x86.Build.0 = Debug|Any CPU
		{C3336DA6-5F51-4E43-B33A-62E4EFA03E08}.Release|Any CPU.ActiveCfg = Release|Any CPU
		{C3336DA6-5F51-4E43-B33A-62E4EFA03E08}.Release|Any CPU.Build.0 = Release|Any CPU
		{C3336DA6-5F51-4E43-B33A-62E4EFA03E08}.Release|ARM.ActiveCfg = Release|Any CPU
		{C3336DA6-5F51-4E43-B33A-62E4EFA03E08}.Release|ARM.Build.0 = Release|Any CPU
		{C3336DA6-5F51-4E43-B33A-62E4EFA03E08}.Release|ARM64.ActiveCfg = Release|Any CPU
		{C3336DA6-5F51-4E43-B33A-62E4EFA03E08}.Release|ARM64.Build.0 = Release|Any CPU
		{C3336DA6-5F51-4E43-B33A-62E4EFA03E08}.Release|x64.ActiveCfg = Release|Any CPU
		{C3336DA6-5F51-4E43-B33A-62E4EFA03E08}.Release|x64.Build.0 = Release|Any CPU
		{C3336DA6-5F51-4E43-B33A-62E4EFA03E08}.Release|x86.ActiveCfg = Release|Any CPU
		{C3336DA6-5F51-4E43-B33A-62E4EFA03E08}.Release|x86.Build.0 = Release|Any CPU
		{89148D09-4855-4109-8A1B-44F90038E784}.Debug|Any CPU.ActiveCfg = Debug|x86
		{89148D09-4855-4109-8A1B-44F90038E784}.Debug|ARM.ActiveCfg = Debug|ARM
		{89148D09-4855-4109-8A1B-44F90038E784}.Debug|ARM.Build.0 = Debug|ARM
		{89148D09-4855-4109-8A1B-44F90038E784}.Debug|ARM.Deploy.0 = Debug|ARM
		{89148D09-4855-4109-8A1B-44F90038E784}.Debug|ARM64.ActiveCfg = Debug|ARM64
		{89148D09-4855-4109-8A1B-44F90038E784}.Debug|ARM64.Build.0 = Debug|ARM64
		{89148D09-4855-4109-8A1B-44F90038E784}.Debug|ARM64.Deploy.0 = Debug|ARM64
		{89148D09-4855-4109-8A1B-44F90038E784}.Debug|x64.ActiveCfg = Debug|x64
		{89148D09-4855-4109-8A1B-44F90038E784}.Debug|x64.Build.0 = Debug|x64
		{89148D09-4855-4109-8A1B-44F90038E784}.Debug|x64.Deploy.0 = Debug|x64
		{89148D09-4855-4109-8A1B-44F90038E784}.Debug|x86.ActiveCfg = Debug|x86
		{89148D09-4855-4109-8A1B-44F90038E784}.Debug|x86.Build.0 = Debug|x86
		{89148D09-4855-4109-8A1B-44F90038E784}.Debug|x86.Deploy.0 = Debug|x86
		{89148D09-4855-4109-8A1B-44F90038E784}.Release|Any CPU.ActiveCfg = Release|x86
		{89148D09-4855-4109-8A1B-44F90038E784}.Release|ARM.ActiveCfg = Release|ARM
		{89148D09-4855-4109-8A1B-44F90038E784}.Release|ARM.Build.0 = Release|ARM
		{89148D09-4855-4109-8A1B-44F90038E784}.Release|ARM.Deploy.0 = Release|ARM
		{89148D09-4855-4109-8A1B-44F90038E784}.Release|ARM64.ActiveCfg = Release|ARM64
		{89148D09-4855-4109-8A1B-44F90038E784}.Release|ARM64.Build.0 = Release|ARM64
		{89148D09-4855-4109-8A1B-44F90038E784}.Release|ARM64.Deploy.0 = Release|ARM64
		{89148D09-4855-4109-8A1B-44F90038E784}.Release|x64.ActiveCfg = Release|x64
		{89148D09-4855-4109-8A1B-44F90038E784}.Release|x64.Build.0 = Release|x64
		{89148D09-4855-4109-8A1B-44F90038E784}.Release|x64.Deploy.0 = Release|x64
		{89148D09-4855-4109-8A1B-44F90038E784}.Release|x86.ActiveCfg = Release|x86
		{89148D09-4855-4109-8A1B-44F90038E784}.Release|x86.Build.0 = Release|x86
		{89148D09-4855-4109-8A1B-44F90038E784}.Release|x86.Deploy.0 = Release|x86
		{3AC3532C-009B-4CBA-B97C-3126BC53EC1F}.Debug|Any CPU.ActiveCfg = Debug|Any CPU
		{3AC3532C-009B-4CBA-B97C-3126BC53EC1F}.Debug|Any CPU.Build.0 = Debug|Any CPU
		{3AC3532C-009B-4CBA-B97C-3126BC53EC1F}.Debug|ARM.ActiveCfg = Debug|Any CPU
		{3AC3532C-009B-4CBA-B97C-3126BC53EC1F}.Debug|ARM.Build.0 = Debug|Any CPU
		{3AC3532C-009B-4CBA-B97C-3126BC53EC1F}.Debug|ARM64.ActiveCfg = Debug|Any CPU
		{3AC3532C-009B-4CBA-B97C-3126BC53EC1F}.Debug|ARM64.Build.0 = Debug|Any CPU
		{3AC3532C-009B-4CBA-B97C-3126BC53EC1F}.Debug|x64.ActiveCfg = Debug|Any CPU
		{3AC3532C-009B-4CBA-B97C-3126BC53EC1F}.Debug|x64.Build.0 = Debug|Any CPU
		{3AC3532C-009B-4CBA-B97C-3126BC53EC1F}.Debug|x86.ActiveCfg = Debug|Any CPU
		{3AC3532C-009B-4CBA-B97C-3126BC53EC1F}.Debug|x86.Build.0 = Debug|Any CPU
		{3AC3532C-009B-4CBA-B97C-3126BC53EC1F}.Release|Any CPU.ActiveCfg = Release|Any CPU
		{3AC3532C-009B-4CBA-B97C-3126BC53EC1F}.Release|Any CPU.Build.0 = Release|Any CPU
		{3AC3532C-009B-4CBA-B97C-3126BC53EC1F}.Release|ARM.ActiveCfg = Release|Any CPU
		{3AC3532C-009B-4CBA-B97C-3126BC53EC1F}.Release|ARM.Build.0 = Release|Any CPU
		{3AC3532C-009B-4CBA-B97C-3126BC53EC1F}.Release|ARM64.ActiveCfg = Release|Any CPU
		{3AC3532C-009B-4CBA-B97C-3126BC53EC1F}.Release|ARM64.Build.0 = Release|Any CPU
		{3AC3532C-009B-4CBA-B97C-3126BC53EC1F}.Release|x64.ActiveCfg = Release|Any CPU
		{3AC3532C-009B-4CBA-B97C-3126BC53EC1F}.Release|x64.Build.0 = Release|Any CPU
		{3AC3532C-009B-4CBA-B97C-3126BC53EC1F}.Release|x86.ActiveCfg = Release|Any CPU
		{3AC3532C-009B-4CBA-B97C-3126BC53EC1F}.Release|x86.Build.0 = Release|Any CPU
	EndGlobalSection
	GlobalSection(SolutionProperties) = preSolution
		HideSolutionNode = FALSE
	EndGlobalSection
	GlobalSection(ExtensibilityGlobals) = postSolution
		SolutionGuid = {A3DCB47A-0C65-4F88-A945-45F35896E7AB}
	EndGlobalSection
EndGlobal
